github.com/btittelbach/pubsub v0.0.0-20181118220834-3d9462d72339 h1:LUWUt9S/nWR1Y/hdRaqVbm1LzCfcuj9fYGOFwludPzY=
github.com/btittelbach/pubsub v0.0.0-20181118220834-3d9462d72339/go.mod h1:sfldyIbBO1Ws7cBOePsyB1RxGKbqwuNKTUEgnnFn3Lw=
github.com/codegangsta/negroni v1.0.0 h1:+aYywywx4bnKXWvoWtRfJ91vC59NbEhEY03sZjQhbVY=
github.com/codegangsta/negroni v1.0.0/go.mod h1:v0y3T5G7Y1UlFfyxFn/QLRU4a2EuNau2iZY63YTKWo0=
github.com/eclipse/paho.mqtt.golang v1.1.1 h1:iPJYXJLaViCshRTW/PSqImSS6HJ2Rf671WR0bXZ2GIU=
github.com/eclipse/paho.mqtt.golang v1.1.1/go.mod h1:H9keYFcgq3Qr5OUJm/JZI/i6U7joQ8SYLhZwfeOo6Ts=
github.com/hishboy/gocommons v0.0.0-20160108023425-89887b2ade6d h1:NE+XGwIkTgi/pIdEidbYhbUL/CeTLjDk00SwEVnrZzU=
github.com/hishboy/gocommons v0.0.0-20160108023425-89887b2ade6d/go.mod h1:hLm3O94CK4wBXjq+fc6Xwva2B8VYmBa4Qgd4UbVWnas=
github.com/schleibinger/sio v0.0.0-20130717070631-2cc3e40bedc0 h1:+zqi+jqEVTqupUr2w6E0diz3TKNBzaD01D5i4+Pvqio=
github.com/schleibinger/sio v0.0.0-20130717070631-2cc3e40bedc0/go.mod h1:e07TMiZ8iTjzDWnGXfDSMLJ3F07CV3IvQRMvp2W1Eus=
golang.org/x/crypto v0.0.0-20190308221718-c2843e01d9a2/go.mod h1:djNgcEr1/C05ACkg1iLfiJU5Ep61QUkGW8qpdssI0+w=
golang.org/x/crypto v0.0.0-20190513172903-22d7a77e9e5f h1:R423Cnkcp5JABoeemiGEPlt9tHXFfw5kvc0yqlxRPWo=
golang.org/x/crypto v0.0.0-20190513172903-22d7a77e9e5f/go.mod h1:yigFU9vqHzYiE8UmvKecakEJjdnWj3jj499lnFckfCI=
golang.org/x/net v0.0.0-20190206173232-65e2d4e15006 h1:bfLnR+k0tq5Lqt6dflRLcZiz6UaXCMt3vhYJ1l4FQ80=
golang.org/x/net v0.0.0-20190206173232-65e2d4e15006/go.mod h1:mL1N/T3taQHkDXs73rZJwtUhF3w3ftmwwsq0BUmARs4=
golang.org/x/net v0.0.0-20190404232315-eb5bcb51f2a3 h1:0GoQqolDA55aaLxZyTzK/Y2ePZzZTUrRacwib7cNsYQ=
golang.org/x/net v0.0.0-20190404232315-eb5bcb51f2a3/go.mod h1:t9HGtf8HONx5eT2rtn7q6eTqICYqUVnKs3thJo3Qplg=
golang.org/x/sys v0.0.0-20190215142949-d0b11bdaac8a/go.mod h1:STP8DvDyc/dI5b8T5hshtkjS+E42TnysNCUPdjciGhY=
golang.org/x/sys v0.0.0-20190412213103-97732733099d/go.mod h1:h1NjWce9XRLGQEsW7wpKNCjG9DtNlClVuFLEZdDNbEs=
golang.org/x/text v0.3.0/go.mod h1:NqM8EUOU14njkJ3fqMW+pc6Ldnwhi/IjpwHt7yyuwOQ=
