github.com/btittelbach/astrotime v0.0.0-20160515101311-7ddba43aa26e h1:yPRY9/vyatroUweN7ntWNO1JMJyIdyx+JnBOobhCkRI=
github.com/btittelbach/astrotime v0.0.0-20160515101311-7ddba43aa26e/go.mod h1:jNKwDmwLM4+wENDkph85EVnlfuZ3o+MBtzFD8AiQK48=
github.com/btittelbach/pubsub v0.0.0-20210812211614-ddcb0a80433c h1:mAWzubWpRAKM8q2xDGWNVWkah81GFpLXox2i/OUWTp4=
github.com/btittelbach/pubsub v0.0.0-20210812211614-ddcb0a80433c/go.mod h1:Ds4ly4XreSwOpVBiucrR7LzviIspZnNlARK/jWlWqNg=
github.com/eclipse/paho.mqtt.golang v1.4.2 h1:66wOzfUHSSI1zamx7jR6yMEI5EuHnT1G6rNA5PM12m4=
github.com/eclipse/paho.mqtt.golang v1.4.2/go.mod h1:JGt0RsEwEX+Xa/agj90YJ9d9DH2b7upDZMK9HRbFvCA=
github.com/gorilla/websocket v1.4.2 h1:+/TMaTYc4QFitKJxsQ7Yye35DkWvkdLcvGKqM+x0Ufc=
github.com/gorilla/websocket v1.4.2/go.mod h1:YR8l580nyteQvAITg2hZ9XVh4b55+EU/adAjf1fMHhE=
github.com/gorilla/websocket v1.5.0 h1:PPwGk2jz7EePpoHN/+ClbZu8SPxiqlu12wZP/3sWmnc=
github.com/gorilla/websocket v1.5.0/go.mod h1:YR8l580nyteQvAITg2hZ9XVh4b55+EU/adAjf1fMHhE=
github.com/realraum/door_and_sensors/r3events v0.0.0-20221213001831-baf4172edb6f h1:l7kDyYXkv0SWyOGoXxcK5IPmIgVRGHerBEhHiV4yDT0=
github.com/realraum/door_and_sensors/r3events v0.0.0-20221213001831-baf4172edb6f/go.mod h1:6pGfZxbtCIZ/1TorJpPqTN9cYfEeuLzmGya2atjKzus=
github.com/realraum/door_and_sensors/r3events v0.0.0-20221215231422-3561fe507a0f h1:z4OBx71triFPgP2lbI/7ZHA5PW7oDNnXBTTACGujLXo=
github.com/realraum/door_and_sensors/r3events v0.0.0-20221215231422-3561fe507a0f/go.mod h1:6pGfZxbtCIZ/1TorJpPqTN9cYfEeuLzmGya2atjKzus=
golang.org/x/crypto v0.0.0-20190308221718-c2843e01d9a2/go.mod h1:djNgcEr1/C05ACkg1iLfiJU5Ep61QUkGW8qpdssI0+w=
golang.org/x/net v0.0.0-20200425230154-ff2c4b7c35a0 h1:Jcxah/M+oLZ/R4/z5RzfPzGbPXnVDPkEDtf2JnuxN+U=
golang.org/x/net v0.0.0-20200425230154-ff2c4b7c35a0/go.mod h1:qpuaurCH72eLCgpAm/N6yyVIVM9cpaDIP3A8BGJEC5A=
golang.org/x/net v0.4.0 h1:Q5QPcMlvfxFTAPV0+07Xz/MpK9NTXu2VDUuy0FeMfaU=
golang.org/x/net v0.4.0/go.mod h1:MBQ8lrhLObU/6UmLb4fmbmk5OcyYmqtbGd/9yIeKjEE=
golang.org/x/sync v0.0.0-20210220032951-036812b2e83c h1:5KslGYwFpkhGh+Q16bwMP3cOontH8FOep7tGV86Y7SQ=
golang.org/x/sync v0.0.0-20210220032951-036812b2e83c/go.mod h1:RxMgew5VJxzue5/jJTE5uejpjVlOe/izrB70Jof72aM=
golang.org/x/sync v0.1.0 h1:wsuoTGHzEhffawBOhz5CYhcrV4IdKZbEyZjBMuTp12o=
golang.org/x/sync v0.1.0/go.mod h1:RxMgew5VJxzue5/jJTE5uejpjVlOe/izrB70Jof72aM=
golang.org/x/sys v0.0.0-20190215142949-d0b11bdaac8a/go.mod h1:STP8DvDyc/dI5b8T5hshtkjS+E42TnysNCUPdjciGhY=
golang.org/x/sys v0.0.0-20200323222414-85ca7c5b95cd/go.mod h1:h1NjWce9XRLGQEsW7wpKNCjG9DtNlClVuFLEZdDNbEs=
golang.org/x/text v0.3.0/go.mod h1:NqM8EUOU14njkJ3fqMW+pc6Ldnwhi/IjpwHt7yyuwOQ=
launchpad.net/gocheck v0.0.0-20140225173054-000000000087 h1:Izowp2XBH6Ya6rv+hqbceQyw/gSGoXfH/UPoTGduL54=
launchpad.net/gocheck v0.0.0-20140225173054-000000000087/go.mod h1:hj7XX3B/0A+80Vse0e+BUHsHMTEhd0O4cpUHr/e/BUM=
