github.com/btittelbach/astrotime v0.0.0-20160515101311-7ddba43aa26e h1:yPRY9/vyatroUweN7ntWNO1JMJyIdyx+JnBOobhCkRI=
github.com/btittelbach/astrotime v0.0.0-20160515101311-7ddba43aa26e/go.mod h1:jNKwDmwLM4+wENDkph85EVnlfuZ3o+MBtzFD8AiQK48=
github.com/btittelbach/pubsub v0.0.0-20190716184858-1abeab276624 h1:4wWlPVkVyN70ZMxSpsYPevpGgmlxRqr6mBoVYn9nkGg=
github.com/btittelbach/pubsub v0.0.0-20190716184858-1abeab276624/go.mod h1:Ds4ly4XreSwOpVBiucrR7LzviIspZnNlARK/jWlWqNg=
github.com/eclipse/paho.mqtt.golang v1.2.0 h1:1F8mhG9+aO5/xpdtFkW4SxOJB67ukuDC3t2y2qayIX0=
github.com/eclipse/paho.mqtt.golang v1.2.0/go.mod h1:H9keYFcgq3Qr5OUJm/JZI/i6U7joQ8SYLhZwfeOo6Ts=
github.com/realraum/door_and_sensors/r3events v0.0.0-20190918014152-5a6192096deb h1:/6vrEWX24iHP4X2+jw3y09SfRmpKUfB0Bmq+4w7d0Ss=
github.com/realraum/door_and_sensors/r3events v0.0.0-20190918014152-5a6192096deb/go.mod h1:37G8uEgNC2Sy6bqxfmvOqGQHd7qKZVudUDK2bJHT7Pk=
golang.org/x/crypto v0.0.0-20190308221718-c2843e01d9a2/go.mod h1:djNgcEr1/C05ACkg1iLfiJU5Ep61QUkGW8qpdssI0+w=
golang.org/x/net v0.0.0-20190916140828-c8589233b77d h1:mCMDWKhNO37A7GAhOpHPbIw1cjd0V86kX1/WA9c7FZ8=
golang.org/x/net v0.0.0-20190916140828-c8589233b77d/go.mod h1:z5CRVTTTmAJ677TzLLGU+0bjPO0LkuOLi4/5GtJWs/s=
golang.org/x/sys v0.0.0-20190215142949-d0b11bdaac8a/go.mod h1:STP8DvDyc/dI5b8T5hshtkjS+E42TnysNCUPdjciGhY=
golang.org/x/text v0.3.0/go.mod h1:NqM8EUOU14njkJ3fqMW+pc6Ldnwhi/IjpwHt7yyuwOQ=
launchpad.net/gocheck v0.0.0-20140225173054-000000000087/go.mod h1:hj7XX3B/0A+80Vse0e+BUHsHMTEhd0O4cpUHr/e/BUM=
