github.com/btittelbach/astrotime v0.0.0-20160515101311-7ddba43aa26e h1:yPRY9/vyatroUweN7ntWNO1JMJyIdyx+JnBOobhCkRI=
github.com/btittelbach/astrotime v0.0.0-20160515101311-7ddba43aa26e/go.mod h1:jNKwDmwLM4+wENDkph85EVnlfuZ3o+MBtzFD8AiQK48=
github.com/btittelbach/pubsub v1.2.0 h1:uw7gfCIYFk4o0wvWluCZdmdRZIpFwMnJ3mPkj2yc5Io=
github.com/btittelbach/pubsub v1.2.0/go.mod h1:9sFB+CAbWg9MMji+8gnL6L8NqOpw+Vro7Uj7uer1jZs=
github.com/eclipse/paho.mqtt.golang v1.5.1 h1:/VSOv3oDLlpqR2Epjn1Q7b2bSTplJIeV2ISgCl2W7nE=
github.com/eclipse/paho.mqtt.golang v1.5.1/go.mod h1:1/yJCneuyOoCOzKSsOTUc0AJfpsItBGWvYpBLimhArU=
github.com/gorilla/websocket v1.5.3 h1:saDtZ6Pbx/0u+bgYQ3q96pZgCzfhKXGPqt7kZ72aNNg=
github.com/gorilla/websocket v1.5.3/go.mod h1:YR8l580nyteQvAITg2hZ9XVh4b55+EU/adAjf1fMHhE=
github.com/realraum/door_and_sensors/r3events v0.0.0-20260512225641-2a7fbb86056f h1:/7jiSVamu/vBudAUadsdGMGN09WSseLAk9mXbe00e7g=
github.com/realraum/door_and_sensors/r3events v0.0.0-20260512225641-2a7fbb86056f/go.mod h1:LlBc5wmh2m7AeKFiCTybYETECbAzw+CugTiiSfddvPA=
golang.org/x/net v0.54.0 h1:2zJIZAxAHV/OHCDTCOHAYehQzLfSXuf/5SoL/Dv6w/w=
golang.org/x/net v0.54.0/go.mod h1:Sj4oj8jK6XmHpBZU/zWHw3BV3abl4Kvi+Ut7cQcY+cQ=
golang.org/x/sync v0.20.0 h1:e0PTpb7pjO8GAtTs2dQ6jYa5BWYlMuX047Dco/pItO4=
golang.org/x/sync v0.20.0/go.mod h1:9xrNwdLfx4jkKbNva9FpL6vEN7evnE43NNNJQ2LF3+0=
launchpad.net/gocheck v0.0.0-20140225173054-000000000087 h1:Izowp2XBH6Ya6rv+hqbceQyw/gSGoXfH/UPoTGduL54=
launchpad.net/gocheck v0.0.0-20140225173054-000000000087/go.mod h1:hj7XX3B/0A+80Vse0e+BUHsHMTEhd0O4cpUHr/e/BUM=
